
Microsoft Visual Studio Solution File, Format Version 12.00
# Visual Studio 15
VisualStudioVersion = 15.0.28307.960
MinimumVisualStudioVersion = 10.0.40219.1
Project("{F184B08F-C81C-45F6-A57F-5ABD9991F28F}") = "AccuMon", "AccuMon\AccuMon.vbproj", "{BED1501E-8B35-4971-90A5-FB4E559920EC}"
EndProject
Global
	GlobalSection(SolutionConfigurationPlatforms) = preSolution
		Debug|ARM = Debug|ARM
		Debug|ARM64 = Debug|ARM64
		Debug|x64 = Debug|x64
		Debug|x86 = Debug|x86
		Release|ARM = Release|ARM
		Release|ARM64 = Release|ARM64
		Release|x64 = Release|x64
		Release|x86 = Release|x86
	EndGlobalSection
	GlobalSection(ProjectConfigurationPlatforms) = postSolution
		{BED1501E-8B35-4971-90A5-FB4E559920EC}.Debug|ARM.ActiveCfg = Debug|ARM
		{BED1501E-8B35-4971-90A5-FB4E559920EC}.Debug|ARM.Build.0 = Debug|ARM
		{BED1501E-8B35-4971-90A5-FB4E559920EC}.Debug|ARM.Deploy.0 = Debug|ARM
		{BED1501E-8B35-4971-90A5-FB4E559920EC}.Debug|ARM64.ActiveCfg = Debug|ARM64
		{BED1501E-8B35-4971-90A5-FB4E559920EC}.Debug|ARM64.Build.0 = Debug|ARM64
		{BED1501E-8B35-4971-90A5-FB4E559920EC}.Debug|ARM64.Deploy.0 = Debug|ARM64
		{BED1501E-8B35-4971-90A5-FB4E559920EC}.Debug|x64.ActiveCfg = Debug|x64
		{BED1501E-8B35-4971-90A5-FB4E559920EC}.Debug|x64.Build.0 = Debug|x64
		{BED1501E-8B35-4971-90A5-FB4E559920EC}.Debug|x64.Deploy.0 = Debug|x64
		{BED1501E-8B35-4971-90A5-FB4E559920EC}.Debug|x86.ActiveCfg = Debug|x86
		{BED1501E-8B35-4971-90A5-FB4E559920EC}.Debug|x86.Build.0 = Debug|x86
		{BED1501E-8B35-4971-90A5-FB4E559920EC}.Debug|x86.Deploy.0 = Debug|x86
		{BED1501E-8B35-4971-90A5-FB4E559920EC}.Release|ARM.ActiveCfg = Release|ARM
		{BED1501E-8B35-4971-90A5-FB4E559920EC}.Release|ARM.Build.0 = Release|ARM
		{BED1501E-8B35-4971-90A5-FB4E559920EC}.Release|ARM.Deploy.0 = Release|ARM
		{BED1501E-8B35-4971-90A5-FB4E559920EC}.Release|ARM64.ActiveCfg = Release|ARM64
		{BED1501E-8B35-4971-90A5-FB4E559920EC}.Release|ARM64.Build.0 = Release|ARM64
		{BED1501E-8B35-4971-90A5-FB4E559920EC}.Release|ARM64.Deploy.0 = Release|ARM64
		{BED1501E-8B35-4971-90A5-FB4E559920EC}.Release|x64.ActiveCfg = Release|x64
		{BED1501E-8B35-4971-90A5-FB4E559920EC}.Release|x64.Build.0 = Release|x64
		{BED1501E-8B35-4971-90A5-FB4E559920EC}.Release|x64.Deploy.0 = Release|x64
		{BED1501E-8B35-4971-90A5-FB4E559920EC}.Release|x86.ActiveCfg = Release|x86
		{BED1501E-8B35-4971-90A5-FB4E559920EC}.Release|x86.Build.0 = Release|x86
		{BED1501E-8B35-4971-90A5-FB4E559920EC}.Release|x86.Deploy.0 = Release|x86
	EndGlobalSection
	GlobalSection(SolutionProperties) = preSolution
		HideSolutionNode = FALSE
	EndGlobalSection
	GlobalSection(ExtensibilityGlobals) = postSolution
		SolutionGuid = {4C55B5A1-27E4-41E6-8A03-90174146B8CC}
	EndGlobalSection
EndGlobal
